
Microsoft Visual Studio Solution File, Format Version 12.00
# Visual Studio Version 17
VisualStudioVersion = 17.4.33110.190
MinimumVisualStudioVersion = 10.0.40219.1
Project("{FAE04EC0-301F-11D3-BF4B-00C04F79EFBC}") = "Facade", "Facade\Facade.csproj", "{0535BC30-1051-46EE-90C2-A98E9859618F}"
EndProject
Project("{2150E333-8FDC-42A3-9474-1A3956D46DE8}") = "Figuras", "Figuras", "{6175B5C6-F3DD-4735-B072-FC6906B8545C}"
	ProjectSection(SolutionItems) = preProject
		Facade.cs = Facade.cs
		Figura.cs = Figura.cs
		Circulo.cs = Circulo.cs
		Rectangulo.cs = Rectangulo.cs
		Triangulo.cs = Triangulo.cs
	EndProjectSection
EndProject
Global
	GlobalSection(SolutionConfigurationPlatforms) = preSolution
		Debug|Any CPU = Debug|Any CPU
		Release|Any CPU = Release|Any CPU
	EndGlobalSection
	GlobalSection(ProjectConfigurationPlatforms) = postSolution
		{0535BC30-1051-46EE-90C2-A98E9859618F}.Debug|Any CPU.ActiveCfg = Debug|Any CPU
		{0535BC30-1051-46EE-90C2-A98E9859618F}.Debug|Any CPU.Build.0 = Debug|Any CPU
		{0535BC30-1051-46EE-90C2-A98E9859618F}.Release|Any CPU.ActiveCfg = Release|Any CPU
		{0535BC30-1051-46EE-90C2-A98E9859618F}.Release|Any CPU.Build.0 = Release|Any CPU
	EndGlobalSection
	GlobalSection(SolutionProperties) = preSolution
		HideSolutionNode = FALSE
	EndGlobalSection
	GlobalSection(ExtensibilityGlobals) = postSolution
		SolutionGuid = {D5591D5C-ACE2-46FE-B6A1-B32FFD6FD268}
	EndGlobalSection
EndGlobal
